<?xml version="1.0" encoding="utf-8"?>
<Project ToolsVersion="4.0" xmlns="http://schemas.microsoft.com/developer/msbuild/2003">
  <ItemGroup>
    <ClCompile Include="DebugMenu.cpp" />
    <ClCompile Include="dllmain.cpp" />
    <ClCompile Include="EffectDispatcher.cpp" />
    <ClCompile Include="Effects\db\Misc\MiscAirstrike.cpp" />
    <ClCompile Include="Effects\db\Misc\MiscBlackout.cpp" />
    <ClCompile Include="Effects\db\Misc\MiscEarthquake.cpp" />
    <ClCompile Include="Effects\db\Misc\MiscFireworks.cpp" />
    <ClCompile Include="Effects\db\Misc\MiscForcedFP.cpp" />
    <ClCompile Include="Effects\db\Misc\MiscGravityController.cpp" />
    <ClCompile Include="Effects\db\Misc\MiscHeatVision.cpp" />
    <ClCompile Include="Effects\db\Misc\MiscIntenseMusic.cpp" />
    <ClCompile Include="Effects\db\Misc\MiscInvertVelocity.cpp" />
    <ClCompile Include="Effects\db\Misc\MiscLag.cpp" />
    <ClCompile Include="Effects\db\Misc\MiscOilLeaks.cpp" />
    <ClCompile Include="Effects\db\Peds\PedsCatGuns.cpp" />
    <ClCompile Include="Effects\db\Peds\PedsTPGuns.cpp" />
    <ClCompile Include="Effects\db\Misc\MiscLesterScaleform.cpp" />
    <ClCompile Include="Effects\db\Misc\MiscLowPoly.cpp" />
    <ClCompile Include="Effects\db\Misc\MiscMeteorRain.cpp" />
    <ClCompile Include="Effects\db\Misc\MiscMidasTouch.cpp" />
    <ClCompile Include="Effects\db\Misc\MiscMoneyRain.cpp" />
    <ClCompile Include="Effects\db\Misc\MiscNightVision.cpp" />
    <ClCompile Include="Effects\db\Misc\MiscNoHUD.cpp" />
    <ClCompile Include="Effects\db\Misc\MiscNoPhone.cpp" />
    <ClCompile Include="Effects\db\Misc\MiscNoRadar.cpp" />
    <ClCompile Include="Effects\db\Misc\MiscNothing.cpp" />
    <ClCompile Include="Effects\db\Misc\MiscOneShot.cpp" />
    <ClCompile Include="Effects\db\Misc\MiscRainbowWeps.cpp" />
    <ClCompile Include="Effects\db\Misc\MiscRollCredits.cpp" />
    <ClCompile Include="Effects\db\Peds\PedsIntoRandomVehs.cpp" />
    <ClCompile Include="Effects\db\Player\PlayerHeavyRecoil.cpp" />
    <ClCompile Include="Effects\db\Player\PlayerKeepRunning.cpp" />
    <ClCompile Include="Effects\db\Player\PlayerWantedController.cpp" />
    <ClCompile Include="Effects\db\Vehs\VehsWeapons.cpp" />
    <ClCompile Include="Effects\db\Weather\WeatherSnow.cpp" />
    <ClCompile Include="Effects\db\Misc\MiscSpawnController.cpp" />
    <ClCompile Include="Effects\db\Misc\MiscTimecycModifierController.cpp" />
    <ClCompile Include="Effects\db\Misc\MiscTotalChaos.cpp" />
    <ClCompile Include="Effects\db\Misc\MiscWhaleRain.cpp" />
    <ClCompile Include="Effects\db\Peds\PedsAimbot.cpp" />
    <ClCompile Include="Effects\db\Peds\PedsAttackPlayer.cpp" />
    <ClCompile Include="Effects\db\Peds\PedsCops.cpp" />
    <ClCompile Include="Effects\db\Peds\PedsDrivebyPlayer.cpp" />
    <ClCompile Include="Effects\db\Peds\PedsEveryoneWepController.cpp" />
    <ClCompile Include="Effects\db\Peds\PedsExplosive.cpp" />
    <ClCompile Include="Effects\db\Peds\PedsFollowPlayer.cpp" />
    <ClCompile Include="Effects\db\Peds\PedsFrozen.cpp" />
    <ClCompile Include="Effects\db\Vehs\VehsGTAOTraffic.cpp" />
    <ClCompile Include="Effects\db\Peds\PedsIgniteNearby.cpp" />
    <ClCompile Include="Effects\db\Peds\PedsBlind.cpp" />
    <ClCompile Include="Effects\db\Peds\PedsInTheHood.cpp" />
    <ClCompile Include="Effects\db\Peds\PedsInvinciblePeds.cpp" />
    <ClCompile Include="Effects\db\Peds\PedsInvisiblePeds.cpp" />
    <ClCompile Include="Effects\db\Peds\PedsJumpy.cpp" />
    <ClCompile Include="Effects\db\Peds\PedsLaunchNearbyPeds.cpp" />
    <ClCompile Include="Effects\db\Peds\PedsMinDamage.cpp" />
    <ClCompile Include="Effects\db\Peds\PedsNearbyFlee.cpp" />
    <ClCompile Include="Effects\db\Peds\PedsNoRagdoll.cpp" />
    <ClCompile Include="Effects\db\Peds\PedsObliterateNearby.cpp" />
    <ClCompile Include="Effects\db\Peds\PedsOHKO.cpp" />
    <ClCompile Include="Effects\db\Peds\PedsPhones.cpp" />
    <ClCompile Include="Effects\db\Peds\PedsRagdoll.cpp" />
    <ClCompile Include="Effects\db\Peds\PedsRagdollOnTouch.cpp" />
    <ClCompile Include="Effects\db\Peds\PedsReviveNearby.cpp" />
    <ClCompile Include="Effects\db\Peds\PedsRiot.cpp" />
    <ClCompile Include="Effects\db\Peds\PedsScooterBrothers.cpp" />
    <ClCompile Include="Effects\db\Peds\PedsSpawnAngryAlien.cpp" />
    <ClCompile Include="Effects\db\Peds\PedsSpawnAngryJesus.cpp" />
    <ClCompile Include="Effects\db\Peds\PedsSpawnAngryJesus2.cpp" />
    <ClCompile Include="Effects\db\Peds\PedsSpawnCompanionBrad.cpp" />
    <ClCompile Include="Effects\db\Peds\PedsSpawnCompanionChimp.cpp" />
    <ClCompile Include="Effects\db\Peds\PedsSpawnCompanionChop.cpp" />
    <ClCompile Include="Effects\db\Peds\PedsSpawnCompanionRandom.cpp" />
    <ClCompile Include="Effects\db\Peds\PedsSpawnDancingApes.cpp" />
    <ClCompile Include="Effects\db\Peds\PedsSpawnFanCats.cpp" />
    <ClCompile Include="Effects\db\Peds\PedsSpawnHostileRandom.cpp" />
    <ClCompile Include="Effects\db\Peds\PedsSpawnImpotentRage.cpp" />
    <ClCompile Include="Effects\db\Peds\PedsSpeechController.cpp" />
    <ClCompile Include="Effects\db\Peds\PedsStripWeapons.cpp" />
    <ClCompile Include="Effects\db\Peds\PedsTpRandomPedsPlayerVeh.cpp" />
    <ClCompile Include="Effects\db\Peds\PedsZombies.cpp" />
    <ClCompile Include="Effects\db\Player\PlayerAutopilot.cpp" />
    <ClCompile Include="Effects\db\Player\PlayerClone.cpp" />
    <ClCompile Include="Effects\db\Player\PlayerDrunk.cpp" />
    <ClCompile Include="Effects\db\Peds\PedsExitVeh.cpp" />
    <ClCompile Include="Effects\db\Player\PlayerHesoyam.cpp" />
    <ClCompile Include="Effects\db\Player\PlayerIgnitePlayer.cpp" />
    <ClCompile Include="Effects\db\Player\PlayerInvincibility.cpp" />
    <ClCompile Include="Effects\db\Player\PlayerLaunchUp.cpp" />
    <ClCompile Include="Effects\db\Player\PlayerPoor.cpp" />
    <ClCompile Include="Effects\db\Player\PlayerNoMovFB.cpp" />
    <ClCompile Include="Effects\db\Player\PlayerNoMovLR.cpp" />
    <ClCompile Include="Effects\db\Player\PlayerNoSpecial.cpp" />
    <ClCompile Include="Effects\db\Player\PlayerNoSprintJump.cpp" />
    <ClCompile Include="Effects\db\Player\PlayerRagdoll.cpp" />
    <ClCompile Include="Effects\db\Player\PlayerRagdollOnShot.cpp" />
    <ClCompile Include="Effects\db\Player\PlayerRandomClothes.cpp" />
    <ClCompile Include="Effects\db\Player\PlayerSetIntoClosestVeh.cpp" />
    <ClCompile Include="Effects\db\Player\PlayerSetIntoRandomVeh.cpp" />
    <ClCompile Include="Effects\db\Player\PlayerSuicide.cpp" />
    <ClCompile Include="Effects\db\Player\PlayerSuperRunJump.cpp" />
    <ClCompile Include="Effects\db\Player\PlayerTpController.cpp" />
    <ClCompile Include="Effects\db\Player\PlayerTpEverything.cpp" />
    <ClCompile Include="Effects\db\Player\PlayerWeaponGiver.cpp" />
    <ClCompile Include="Effects\db\Time\TimeController.cpp" />
    <ClCompile Include="Effects\db\Time\TimeGameSpeedController.cpp" />
    <ClCompile Include="Effects\db\Vehs\Vehs30mphLimit.cpp" />
    <ClCompile Include="Effects\db\Vehs\VehsAllHorn.cpp" />
    <ClCompile Include="Effects\db\Vehs\VehsAllVehsLaunchUp.cpp" />
    <ClCompile Include="Effects\db\Vehs\VehsCinematicCam.cpp" />
    <ClCompile Include="Effects\db\Vehs\VehsColorController.cpp" />
    <ClCompile Include="Effects\db\Vehs\VehsEngineMultiplierController.cpp" />
    <ClCompile Include="Effects\db\Vehs\VehsExplodeNearby.cpp" />
    <ClCompile Include="Effects\db\Vehs\VehsFullAccel.cpp" />
    <ClCompile Include="Effects\db\Vehs\VehsHonkBoosting.cpp" />
    <ClCompile Include="Effects\db\Vehs\VehsInvincible.cpp" />
    <ClCompile Include="Effects\db\Vehs\VehsInvisible.cpp" />
    <ClCompile Include="Effects\db\Vehs\VehsJesusTakeTheWheel.cpp" />
    <ClCompile Include="Effects\db\Vehs\VehsJumpy.cpp" />
    <ClCompile Include="Effects\db\Vehs\VehsLockAll.cpp" />
    <ClCompile Include="Effects\db\Vehs\VehsNoBrakes.cpp" />
    <ClCompile Include="Effects\db\Vehs\VehsOneHitKO.cpp" />
    <ClCompile Include="Effects\db\Vehs\VehsPlayerVehDespawn.cpp" />
    <ClCompile Include="Effects\db\Player\PlayerRandomVehSeat.cpp" />
    <ClCompile Include="Effects\db\Vehs\VehsPopTiresRandom.cpp" />
    <ClCompile Include="Effects\db\Vehs\VehsRotAll.cpp" />
    <ClCompile Include="Effects\db\Vehs\VehsSpamDoors.cpp" />
    <ClCompile Include="Effects\db\Vehs\VehsSpeedMin.cpp" />
    <ClCompile Include="Effects\db\Vehs\VehsTriggerAlarm.cpp" />
    <ClCompile Include="Effects\db\Vehs\VehsNoGrav.cpp" />
    <ClCompile Include="Effects\db\Vehs\VehsNoTraffic.cpp" />
    <ClCompile Include="Effects\db\Vehs\VehsBreakDoors.cpp" />
    <ClCompile Include="Effects\db\Vehs\VehsPlayerVehExplode.cpp" />
    <ClCompile Include="Effects\db\Vehs\VehsKillEngine.cpp" />
    <ClCompile Include="Effects\db\Vehs\VehsPlayerVehLock.cpp" />
    <ClCompile Include="Effects\db\Vehs\VehsPopTires.cpp" />
    <ClCompile Include="Effects\db\Vehs\VehsRepairAll.cpp" />
    <ClCompile Include="Effects\db\Vehs\VehsUpgradeController.cpp" />
    <ClCompile Include="Effects\db\Vehs\VehsTirePoppin.cpp" />
    <ClCompile Include="Effects\db\Vehs\VehsSlipperyVehs.cpp" />
    <ClCompile Include="Effects\db\Vehs\VehsSpawner.cpp" />
    <ClCompile Include="Effects\db\Vehs\VehsSpawnIESultan.cpp" />
    <ClCompile Include="Effects\db\Weather\WeatherController.cpp" />
    <ClCompile Include="Main.cpp" />
    <ClCompile Include="Memory\Hooks\Hook.cpp" />
    <ClCompile Include="Memory\Memory.cpp" />
    <ClCompile Include="OptionsFile.cpp" />
    <ClCompile Include="stdafx.cpp" />
    <ClCompile Include="TwitchVoting.cpp" />
    <ClCompile Include="Mp3Manager.cpp" />
    <ClCompile Include="Util\PoolSpawner.cpp" />
    <ClCompile Include="Effects\db\Peds\PedsBlind.cpp" />
    <ClCompile Include="Effects\db\Peds\PedsTPGuns.cpp" />
    <ClCompile Include="Effects\db\Peds\PedsCatGuns.cpp" />
    <ClCompile Include="Effects\db\Player\PlayerSuperRunJump.cpp" />
    <ClCompile Include="Effects\db\Player\PlayerNoSprintJump.cpp" />
    <ClCompile Include="Effects\db\Misc\MiscLag.cpp" />
    <ClCompile Include="Effects\db\Vehs\VehsRepairAll.cpp" />
    <ClCompile Include="Memory\Hooks\Hook.cpp" />
    <ClCompile Include="Effects\db\Misc\MiscOilLeaks.cpp" />
    <ClCompile Include="Effects\db\Peds\PedsGunsmoke.cpp" />
    <ClCompile Include="Util\PoolSpawner.cpp" />
    <ClCompile Include="Effects\db\Vehs\VehsGTAOTraffic.cpp" />
    <ClCompile Include="Effects\db\Player\PlayerHeavyRecoil.cpp" />
    <ClCompile Include="Effects\db\Player\PlayerKeepRunning.cpp" />
    <ClCompile Include="Effects\db\Vehs\VehsWeapons.cpp" />
    <ClCompile Include="Effects\db\Misc\MiscAirstrike.cpp" />
    <ClCompile Include="Effects\db\Misc\MiscFlamethrower.cpp" />
    <ClCompile Include="Effects\db\Misc\MiscReplaceVehicle.cpp" />
    <ClCompile Include="Effects\db\Player\PlayerForcefield.cpp" />
    <ClCompile Include="Effects\db\Time\TimeSuperhot.cpp" />
    <ClCompile Include="Effects\db\Peds\PedsExplosiveCombat.cpp" />
    <ClCompile Include="Effects\db\Peds\PedsMercenaries.cpp" />
    <ClCompile Include="Effects\db\Player\PlayerFakeDeath.cpp" />
    <ClCompile Include="Effects\db\Vehs\VehsBeyblade.cpp" />
    <ClCompile Include="Effects\db\Peds\PedsKillerClowns.cpp" />
    <ClCompile Include="Effects\db\Peds\PedsJamesBond.cpp" />
    <ClCompile Include="Effects\db\Player\PlayerPoof.cpp" />
    <ClCompile Include="Effects\db\Player\PlayerSimeonSays.cpp" />
    <ClCompile Include="Effects\db\Peds\PedsLooseTrigger.cpp" />
    <ClCompile Include="Effects\db\Vehs\VehsLockCamera.cpp" />
    <ClCompile Include="Effects\db\Peds\PedsSpawnBallaSquad.cpp" />
    <ClCompile Include="Effects\db\Misc\MiscDVDScreensaver.cpp" />
    <ClCompile Include="Effects\db\Player\PlayerFakePlayerSwap.cpp" />
    <ClCompile Include="Effects\db\Peds\PedsMinions.cpp" />
    <ClCompile Include="Effects\db\Player\PlayerImTired.cpp" />
    <ClCompile Include="Effects\db\Peds\PedsGunsmoke.cpp" />
    <ClCompile Include="Effects\db\Misc\MiscSuperStunt.cpp" />
    <ClCompile Include="Effects\db\Peds\PedsSpawnAngryJimmy.cpp" />
    <ClCompile Include="Effects\db\Player\PlayerFlipCamera.cpp" />
    <ClCompile Include="Effects\db\Player\PlayerWalkOnWater.cpp" />
    <ClCompile Include="Effects\db\Vehs\VehsFlyingCar.cpp" />
    <ClCompile Include="Effects\db\Player\PlayerKickflip.cpp" />
    <ClCompile Include="Effects\db\Player\PlayerOnDemandCartoon.cpp" />
    <ClCompile Include="Effects\db\Peds\PedsDriveBackwards.cpp" />
    <ClCompile Include="Effects\db\Vehs\VehsRandomTraffic.cpp" />
    <ClCompile Include="Effects\db\Misc\MiscRampJam.cpp" />
    <ClCompile Include="Effects\db\Misc\MiscVehicleRain.cpp" />
    <ClCompile Include="Effects\db\Misc\MiscFakeCrash.cpp" />
    <ClCompile Include="Effects\db\Player\PlayerHasGravity.cpp" />
    <ClCompile Include="Effects\db\Vehs\VehsBouncy.cpp" />
    <ClCompile Include="Effects\db\Peds\PedsStopAndStare.cpp" />
    <ClCompile Include="Effects\db\Peds\PedsFlipAll.cpp" />
    <ClCompile Include="Effects\db\Player\PlayerPacifist.cpp" />
    <ClCompile Include="Effects\db\Vehs\VehsTurnRight.cpp" />
    <ClCompile Include="Effects\db\Peds\PedsBusBois.cpp" />
    <ClCompile Include="Effects\db\Player\PlayerRapidFire.cpp" />
    <ClCompile Include="Effects\db\Player\PlayerDeadEye.cpp" />
    <ClCompile Include="Effects\db\Player\PlayerQuakeFOV.cpp" />
    <ClCompile Include="Effects\db\Misc\MiscInverseControls.cpp" />
    <ClCompile Include="Memory\Hooks\EntityCoordsHook.cpp" />
  </ItemGroup>
  <ItemGroup>
    <ClInclude Include="DebugMenu.h" />
    <ClInclude Include="EffectDispatcher.h" />
    <ClInclude Include="Effects\EffectHandler.h" />
    <ClInclude Include="Effects\Effect.h" />
    <ClInclude Include="Effects\EffectsInfo.h" />
    <ClInclude Include="Main.h" />
    <ClInclude Include="Memory\Gravity.h" />
    <ClInclude Include="Memory\Handle.h" />
    <ClInclude Include="Memory\Hooks\Hook.h" />
    <ClInclude Include="Memory\Memory.h" />
    <ClInclude Include="Memory\PedModels.h" />
    <ClInclude Include="Memory\Snow.h" />
    <ClInclude Include="Memory\Vehicle.h" />
    <ClInclude Include="Memory\WeaponPool.h" />
    <ClInclude Include="nativesNoNamespaces.h" />
    <ClInclude Include="OptionsFile.h" />
    <ClInclude Include="Random.h" />
    <ClInclude Include="stdafx.h" />
    <ClInclude Include="TwitchVoting.h" />
    <ClInclude Include="Util\EntityIterator.h" />
    <ClInclude Include="Util\Model.h" />
    <ClInclude Include="Mp3Manager.h" />
    <ClInclude Include="Util\PoolSpawner.h" />
    <ClInclude Include="Util\TryParse.h" />
    <ClInclude Include="Util\Player.h" />
    <ClInclude Include="Util\Vehicle.h" />
    <ClInclude Include="Util\Camera.h" />
    <ClInclude Include="Memory\Hooks\EntityCoordsHook.h" />
  </ItemGroup>
  <ItemGroup>
    <Library Include="..\vendor\minhook\build\VC15\lib\Release\libMinHook.x64.lib" />
    <Library Include="..\vendor\scripthookv\lib\ScriptHookV.lib" />
  </ItemGroup>
</Project>